// !$*UTF8*$!
{
	archiveVersion = 1;
	classes = {
	};
	objectVersion = 46;
	objects = {

/* Begin PBXBuildFile section */
		28982E8A1E5440CE003B0E6A /* NetworkTools.swift in Sources */ = {isa = PBXBuildFile; fileRef = 28982E891E5440CE003B0E6A /* NetworkTools.swift */; };
		289B3A9C1E49B5BB00C0DC12 /* UIBarButtomItem-Extension.swift in Sources */ = {isa = PBXBuildFile; fileRef = 289B3A9B1E49B5BB00C0DC12 /* UIBarButtomItem-Extension.swift */; };
		289B3A9E1E49C02900C0DC12 /* PageTitleView.swift in Sources */ = {isa = PBXBuildFile; fileRef = 289B3A9D1E49C02900C0DC12 /* PageTitleView.swift */; };
		289B3AA01E49C3DA00C0DC12 /* Common.swift in Sources */ = {isa = PBXBuildFile; fileRef = 289B3A9F1E49C3DA00C0DC12 /* Common.swift */; };
		289B3AA21E49D38D00C0DC12 /* PageContentView.swift in Sources */ = {isa = PBXBuildFile; fileRef = 289B3AA11E49D38D00C0DC12 /* PageContentView.swift */; };
		289B3AA41E49D90200C0DC12 /* UIColor-Extension.swift in Sources */ = {isa = PBXBuildFile; fileRef = 289B3AA31E49D90200C0DC12 /* UIColor-Extension.swift */; };
		289B3ABC1E4AE59200C0DC12 /* RecommendViewController.swift in Sources */ = {isa = PBXBuildFile; fileRef = 289B3ABB1E4AE59100C0DC12 /* RecommendViewController.swift */; };
		289B3ABF1E4B76F600C0DC12 /* CollectionHeaderView.swift in Sources */ = {isa = PBXBuildFile; fileRef = 289B3ABD1E4B76F500C0DC12 /* CollectionHeaderView.swift */; };
		289B3AC01E4B76F600C0DC12 /* CollectionHeaderView.xib in Resources */ = {isa = PBXBuildFile; fileRef = 289B3ABE1E4B76F500C0DC12 /* CollectionHeaderView.xib */; };
		289B3AC31E4CCA5800C0DC12 /* CollectionViewNormalCell.swift in Sources */ = {isa = PBXBuildFile; fileRef = 289B3AC11E4CCA5800C0DC12 /* CollectionViewNormalCell.swift */; };
		289B3AC41E4CCA5800C0DC12 /* CollectionViewNormalCell.xib in Resources */ = {isa = PBXBuildFile; fileRef = 289B3AC21E4CCA5800C0DC12 /* CollectionViewNormalCell.xib */; };
		289B3AC71E4F686F00C0DC12 /* CollectionViewPrettyCell.swift in Sources */ = {isa = PBXBuildFile; fileRef = 289B3AC51E4F686F00C0DC12 /* CollectionViewPrettyCell.swift */; };
		289B3AC81E4F686F00C0DC12 /* CollectionViewPrettyCell.xib in Resources */ = {isa = PBXBuildFile; fileRef = 289B3AC61E4F686F00C0DC12 /* CollectionViewPrettyCell.xib */; };
		28A363D91E49813400058475 /* AppDelegate.swift in Sources */ = {isa = PBXBuildFile; fileRef = 28A363D81E49813400058475 /* AppDelegate.swift */; };
		28A363DE1E49813400058475 /* Main.storyboard in Resources */ = {isa = PBXBuildFile; fileRef = 28A363DC1E49813400058475 /* Main.storyboard */; };
		28A363E01E49813400058475 /* Assets.xcassets in Resources */ = {isa = PBXBuildFile; fileRef = 28A363DF1E49813400058475 /* Assets.xcassets */; };
		28A363E31E49813400058475 /* LaunchScreen.storyboard in Resources */ = {isa = PBXBuildFile; fileRef = 28A363E11E49813400058475 /* LaunchScreen.storyboard */; };
		28A363F31E49A04200058475 /* Home.storyboard in Resources */ = {isa = PBXBuildFile; fileRef = 28A363F11E49A04200058475 /* Home.storyboard */; };
		28A363F61E49A07A00058475 /* Live.storyboard in Resources */ = {isa = PBXBuildFile; fileRef = 28A363F41E49A07A00058475 /* Live.storyboard */; };
		28A363F91E49A0B100058475 /* Follow.storyboard in Resources */ = {isa = PBXBuildFile; fileRef = 28A363F71E49A0B100058475 /* Follow.storyboard */; };
		28A363FC1E49A0D500058475 /* Profile.storyboard in Resources */ = {isa = PBXBuildFile; fileRef = 28A363FA1E49A0D500058475 /* Profile.storyboard */; };
		28A364061E49A89600058475 /* MainViewController.swift in Sources */ = {isa = PBXBuildFile; fileRef = 28A364031E49A89600058475 /* MainViewController.swift */; };
		28A364081E49A8FD00058475 /* HomeViewController.swift in Sources */ = {isa = PBXBuildFile; fileRef = 28A364071E49A8FD00058475 /* HomeViewController.swift */; };
		2D71D6D187447BB677BA2199 /* Pods_QP_DouYu.framework in Frameworks */ = {isa = PBXBuildFile; fileRef = 9EFC9E29913334827549F1BF /* Pods_QP_DouYu.framework */; };
/* End PBXBuildFile section */

/* Begin PBXFileReference section */
		28982E891E5440CE003B0E6A /* NetworkTools.swift */ = {isa = PBXFileReference; fileEncoding = 4; lastKnownFileType = sourcecode.swift; path = NetworkTools.swift; sourceTree = "<group>"; };
		289B3A9B1E49B5BB00C0DC12 /* UIBarButtomItem-Extension.swift */ = {isa = PBXFileReference; fileEncoding = 4; lastKnownFileType = sourcecode.swift; path = "UIBarButtomItem-Extension.swift"; sourceTree = "<group>"; };
		289B3A9D1E49C02900C0DC12 /* PageTitleView.swift */ = {isa = PBXFileReference; fileEncoding = 4; lastKnownFileType = sourcecode.swift; path = PageTitleView.swift; sourceTree = "<group>"; };
		289B3A9F1E49C3DA00C0DC12 /* Common.swift */ = {isa = PBXFileReference; fileEncoding = 4; lastKnownFileType = sourcecode.swift; path = Common.swift; sourceTree = "<group>"; };
		289B3AA11E49D38D00C0DC12 /* PageContentView.swift */ = {isa = PBXFileReference; fileEncoding = 4; lastKnownFileType = sourcecode.swift; path = PageContentView.swift; sourceTree = "<group>"; };
		289B3AA31E49D90200C0DC12 /* UIColor-Extension.swift */ = {isa = PBXFileReference; fileEncoding = 4; lastKnownFileType = sourcecode.swift; path = "UIColor-Extension.swift"; sourceTree = "<group>"; };
		289B3ABB1E4AE59100C0DC12 /* RecommendViewController.swift */ = {isa = PBXFileReference; fileEncoding = 4; lastKnownFileType = sourcecode.swift; path = RecommendViewController.swift; sourceTree = "<group>"; };
		289B3ABD1E4B76F500C0DC12 /* CollectionHeaderView.swift */ = {isa = PBXFileReference; fileEncoding = 4; lastKnownFileType = sourcecode.swift; path = CollectionHeaderView.swift; sourceTree = "<group>"; };
		289B3ABE1E4B76F500C0DC12 /* CollectionHeaderView.xib */ = {isa = PBXFileReference; fileEncoding = 4; lastKnownFileType = file.xib; path = CollectionHeaderView.xib; sourceTree = "<group>"; };
		289B3AC11E4CCA5800C0DC12 /* CollectionViewNormalCell.swift */ = {isa = PBXFileReference; fileEncoding = 4; lastKnownFileType = sourcecode.swift; path = CollectionViewNormalCell.swift; sourceTree = "<group>"; };
		289B3AC21E4CCA5800C0DC12 /* CollectionViewNormalCell.xib */ = {isa = PBXFileReference; fileEncoding = 4; lastKnownFileType = file.xib; path = CollectionViewNormalCell.xib; sourceTree = "<group>"; };
		289B3AC51E4F686F00C0DC12 /* CollectionViewPrettyCell.swift */ = {isa = PBXFileReference; fileEncoding = 4; lastKnownFileType = sourcecode.swift; path = CollectionViewPrettyCell.swift; sourceTree = "<group>"; };
		289B3AC61E4F686F00C0DC12 /* CollectionViewPrettyCell.xib */ = {isa = PBXFileReference; fileEncoding = 4; lastKnownFileType = file.xib; path = CollectionViewPrettyCell.xib; sourceTree = "<group>"; };
		28A363D51E49813400058475 /* QP_DouYu.app */ = {isa = PBXFileReference; explicitFileType = wrapper.application; includeInIndex = 0; path = QP_DouYu.app; sourceTree = BUILT_PRODUCTS_DIR; };
		28A363D81E49813400058475 /* AppDelegate.swift */ = {isa = PBXFileReference; lastKnownFileType = sourcecode.swift; path = AppDelegate.swift; sourceTree = "<group>"; };
		28A363DD1E49813400058475 /* Base */ = {isa = PBXFileReference; lastKnownFileType = file.storyboard; name = Base; path = Base.lproj/Main.storyboard; sourceTree = "<group>"; };
		28A363DF1E49813400058475 /* Assets.xcassets */ = {isa = PBXFileReference; lastKnownFileType = folder.assetcatalog; path = Assets.xcassets; sourceTree = "<group>"; };
		28A363E21E49813400058475 /* Base */ = {isa = PBXFileReference; lastKnownFileType = file.storyboard; name = Base; path = Base.lproj/LaunchScreen.storyboard; sourceTree = "<group>"; };
		28A363E41E49813400058475 /* Info.plist */ = {isa = PBXFileReference; lastKnownFileType = text.plist.xml; path = Info.plist; sourceTree = "<group>"; };
		28A363F21E49A04200058475 /* Base */ = {isa = PBXFileReference; lastKnownFileType = file.storyboard; name = Base; path = QP_DouYu/Base.lproj/Home.storyboard; sourceTree = SOURCE_ROOT; };
		28A363F51E49A07A00058475 /* Base */ = {isa = PBXFileReference; lastKnownFileType = file.storyboard; name = Base; path = QP_DouYu/Base.lproj/Live.storyboard; sourceTree = SOURCE_ROOT; };
		28A363F81E49A0B100058475 /* Base */ = {isa = PBXFileReference; lastKnownFileType = file.storyboard; name = Base; path = QP_DouYu/Base.lproj/Follow.storyboard; sourceTree = SOURCE_ROOT; };
		28A363FB1E49A0D500058475 /* Base */ = {isa = PBXFileReference; lastKnownFileType = file.storyboard; name = Base; path = QP_DouYu/Base.lproj/Profile.storyboard; sourceTree = SOURCE_ROOT; };
		28A364031E49A89600058475 /* MainViewController.swift */ = {isa = PBXFileReference; fileEncoding = 4; lastKnownFileType = sourcecode.swift; path = MainViewController.swift; sourceTree = "<group>"; };
		28A364071E49A8FD00058475 /* HomeViewController.swift */ = {isa = PBXFileReference; fileEncoding = 4; lastKnownFileType = sourcecode.swift; path = HomeViewController.swift; sourceTree = "<group>"; };
		7DB5F7DF059E01AFA127A0A0 /* Pods-QP_DouYu.debug.xcconfig */ = {isa = PBXFileReference; includeInIndex = 1; lastKnownFileType = text.xcconfig; name = "Pods-QP_DouYu.debug.xcconfig"; path = "Pods/Target Support Files/Pods-QP_DouYu/Pods-QP_DouYu.debug.xcconfig"; sourceTree = "<group>"; };
		9EFC9E29913334827549F1BF /* Pods_QP_DouYu.framework */ = {isa = PBXFileReference; explicitFileType = wrapper.framework; includeInIndex = 0; path = Pods_QP_DouYu.framework; sourceTree = BUILT_PRODUCTS_DIR; };
		B5E5C4A196AD6C72F6F02861 /* Pods-QP_DouYu.release.xcconfig */ = {isa = PBXFileReference; includeInIndex = 1; lastKnownFileType = text.xcconfig; name = "Pods-QP_DouYu.release.xcconfig"; path = "Pods/Target Support Files/Pods-QP_DouYu/Pods-QP_DouYu.release.xcconfig"; sourceTree = "<group>"; };
/* End PBXFileReference section */

/* Begin PBXFrameworksBuildPhase section */
		28A363D21E49813400058475 /* Frameworks */ = {
			isa = PBXFrameworksBuildPhase;
			buildActionMask = 2147483647;
			files = (
				2D71D6D187447BB677BA2199 /* Pods_QP_DouYu.framework in Frameworks */,
			);
			runOnlyForDeploymentPostprocessing = 0;
		};
/* End PBXFrameworksBuildPhase section */

/* Begin PBXGroup section */
		289B3A9A1E49B57A00C0DC12 /* Extension */ = {
			isa = PBXGroup;
			children = (
				289B3A9F1E49C3DA00C0DC12 /* Common.swift */,
				289B3A9B1E49B5BB00C0DC12 /* UIBarButtomItem-Extension.swift */,
				289B3AA31E49D90200C0DC12 /* UIColor-Extension.swift */,
			);
			path = Extension;
			sourceTree = "<group>";
		};
		28A363CC1E49813400058475 = {
			isa = PBXGroup;
			children = (
				28A363D71E49813400058475 /* QP_DouYu */,
				28A363D61E49813400058475 /* Products */,
				AFDE4EA50E7FFEBD2BD7C42D /* Pods */,
				9645CD6E432869230E8D0645 /* Frameworks */,
			);
			sourceTree = "<group>";
		};
		28A363D61E49813400058475 /* Products */ = {
			isa = PBXGroup;
			children = (
				28A363D51E49813400058475 /* QP_DouYu.app */,
			);
			name = Products;
			sourceTree = "<group>";
		};
		28A363D71E49813400058475 /* QP_DouYu */ = {
			isa = PBXGroup;
			children = (
				28A363EA1E49965100058475 /* Classes */,
				28A363D81E49813400058475 /* AppDelegate.swift */,
				28A363DF1E49813400058475 /* Assets.xcassets */,
				28A363E11E49813400058475 /* LaunchScreen.storyboard */,
				28A363E41E49813400058475 /* Info.plist */,
			);
			path = QP_DouYu;
			sourceTree = "<group>";
		};
		28A363EA1E49965100058475 /* Classes */ = {
			isa = PBXGroup;
			children = (
				28A363EE1E49965100058475 /* Main */,
				28A363EC1E49965100058475 /* Home */,
				28A363ED1E49965100058475 /* Live */,
				28A363EB1E49965100058475 /* Follow */,
				28A363EF1E49965100058475 /* Profile */,
				28A363F01E49965100058475 /* Tools */,
			);
			path = Classes;
			sourceTree = "<group>";
		};
		28A363EB1E49965100058475 /* Follow */ = {
			isa = PBXGroup;
			children = (
				28A363F71E49A0B100058475 /* Follow.storyboard */,
			);
			path = Follow;
			sourceTree = "<group>";
		};
		28A363EC1E49965100058475 /* Home */ = {
			isa = PBXGroup;
			children = (
				28A364001E49A83900058475 /* Model */,
				28A364011E49A83900058475 /* View */,
				28A363FF1E49A83900058475 /* Controller */,
			);
			path = Home;
			sourceTree = "<group>";
		};
		28A363ED1E49965100058475 /* Live */ = {
			isa = PBXGroup;
			children = (
				28A363F41E49A07A00058475 /* Live.storyboard */,
			);
			path = Live;
			sourceTree = "<group>";
		};
		28A363EE1E49965100058475 /* Main */ = {
			isa = PBXGroup;
			children = (
				28A364041E49A89600058475 /* Model */,
				28A364051E49A89600058475 /* View */,
				28A364021E49A89600058475 /* Controller */,
			);
			path = Main;
			sourceTree = "<group>";
		};
		28A363EF1E49965100058475 /* Profile */ = {
			isa = PBXGroup;
			children = (
				28A363FA1E49A0D500058475 /* Profile.storyboard */,
			);
			path = Profile;
			sourceTree = "<group>";
		};
		28A363F01E49965100058475 /* Tools */ = {
			isa = PBXGroup;
			children = (
				289B3A9A1E49B57A00C0DC12 /* Extension */,
				28982E891E5440CE003B0E6A /* NetworkTools.swift */,
			);
			path = Tools;
			sourceTree = "<group>";
		};
		28A363FF1E49A83900058475 /* Controller */ = {
			isa = PBXGroup;
			children = (
				28A363F11E49A04200058475 /* Home.storyboard */,
				28A364071E49A8FD00058475 /* HomeViewController.swift */,
				289B3ABB1E4AE59100C0DC12 /* RecommendViewController.swift */,
			);
			path = Controller;
			sourceTree = "<group>";
		};
		28A364001E49A83900058475 /* Model */ = {
			isa = PBXGroup;
			children = (
			);
			path = Model;
			sourceTree = "<group>";
		};
		28A364011E49A83900058475 /* View */ = {
			isa = PBXGroup;
			children = (
				289B3ABD1E4B76F500C0DC12 /* CollectionHeaderView.swift */,
				289B3ABE1E4B76F500C0DC12 /* CollectionHeaderView.xib */,
			);
			path = View;
			sourceTree = "<group>";
		};
		28A364021E49A89600058475 /* Controller */ = {
			isa = PBXGroup;
			children = (
				28A363DC1E49813400058475 /* Main.storyboard */,
				28A364031E49A89600058475 /* MainViewController.swift */,
			);
			path = Controller;
			sourceTree = "<group>";
		};
		28A364041E49A89600058475 /* Model */ = {
			isa = PBXGroup;
			children = (
			);
			path = Model;
			sourceTree = "<group>";
		};
		28A364051E49A89600058475 /* View */ = {
			isa = PBXGroup;
			children = (
				289B3A9D1E49C02900C0DC12 /* PageTitleView.swift */,
				289B3AA11E49D38D00C0DC12 /* PageContentView.swift */,
				289B3AC11E4CCA5800C0DC12 /* CollectionViewNormalCell.swift */,
				289B3AC21E4CCA5800C0DC12 /* CollectionViewNormalCell.xib */,
				289B3AC51E4F686F00C0DC12 /* CollectionViewPrettyCell.swift */,
				289B3AC61E4F686F00C0DC12 /* CollectionViewPrettyCell.xib */,
			);
			path = View;
			sourceTree = "<group>";
		};
		9645CD6E432869230E8D0645 /* Frameworks */ = {
			isa = PBXGroup;
			children = (
				9EFC9E29913334827549F1BF /* Pods_QP_DouYu.framework */,
			);
			name = Frameworks;
			sourceTree = "<group>";
		};
		AFDE4EA50E7FFEBD2BD7C42D /* Pods */ = {
			isa = PBXGroup;
			children = (
				7DB5F7DF059E01AFA127A0A0 /* Pods-QP_DouYu.debug.xcconfig */,
				B5E5C4A196AD6C72F6F02861 /* Pods-QP_DouYu.release.xcconfig */,
			);
			name = Pods;
			sourceTree = "<group>";
		};
/* End PBXGroup section */

/* Begin PBXNativeTarget section */
		28A363D41E49813400058475 /* QP_DouYu */ = {
			isa = PBXNativeTarget;
			buildConfigurationList = 28A363E71E49813400058475 /* Build configuration list for PBXNativeTarget "QP_DouYu" */;
			buildPhases = (
				FC559F5AAD3573462DC26F3B /* [CP] Check Pods Manifest.lock */,
				28A363D11E49813400058475 /* Sources */,
				28A363D21E49813400058475 /* Frameworks */,
				28A363D31E49813400058475 /* Resources */,
				8C1B548CABCAB06688555C79 /* [CP] Embed Pods Frameworks */,
				6B456929D3F099D2A832A6DE /* [CP] Copy Pods Resources */,
			);
			buildRules = (
			);
			dependencies = (
			);
			name = QP_DouYu;
			productName = QP_DouYu;
			productReference = 28A363D51E49813400058475 /* QP_DouYu.app */;
			productType = "com.apple.product-type.application";
		};
/* End PBXNativeTarget section */

/* Begin PBXProject section */
		28A363CD1E49813400058475 /* Project object */ = {
			isa = PBXProject;
			attributes = {
				LastSwiftUpdateCheck = 0810;
				LastUpgradeCheck = 0820;
				ORGANIZATIONNAME = JackieQu;
				TargetAttributes = {
					28A363D41E49813400058475 = {
						CreatedOnToolsVersion = 8.1;
						DevelopmentTeam = 8E5A83P9AJ;
						ProvisioningStyle = Automatic;
					};
				};
			};
			buildConfigurationList = 28A363D01E49813400058475 /* Build configuration list for PBXProject "QP_DouYu" */;
			compatibilityVersion = "Xcode 3.2";
			developmentRegion = English;
			hasScannedForEncodings = 0;
			knownRegions = (
				en,
				Base,
			);
			mainGroup = 28A363CC1E49813400058475;
			productRefGroup = 28A363D61E49813400058475 /* Products */;
			projectDirPath = "";
			projectRoot = "";
			targets = (
				28A363D41E49813400058475 /* QP_DouYu */,
			);
		};
/* End PBXProject section */

/* Begin PBXResourcesBuildPhase section */
		28A363D31E49813400058475 /* Resources */ = {
			isa = PBXResourcesBuildPhase;
			buildActionMask = 2147483647;
			files = (
				28A363E31E49813400058475 /* LaunchScreen.storyboard in Resources */,
				289B3AC01E4B76F600C0DC12 /* CollectionHeaderView.xib in Resources */,
				28A363E01E49813400058475 /* Assets.xcassets in Resources */,
				28A363DE1E49813400058475 /* Main.storyboard in Resources */,
				289B3AC81E4F686F00C0DC12 /* CollectionViewPrettyCell.xib in Resources */,
				28A363F61E49A07A00058475 /* Live.storyboard in Resources */,
				289B3AC41E4CCA5800C0DC12 /* CollectionViewNormalCell.xib in Resources */,
				28A363F31E49A04200058475 /* Home.storyboard in Resources */,
				28A363FC1E49A0D500058475 /* Profile.storyboard in Resources */,
				28A363F91E49A0B100058475 /* Follow.storyboard in Resources */,
			);
			runOnlyForDeploymentPostprocessing = 0;
		};
/* End PBXResourcesBuildPhase section */

/* Begin PBXShellScriptBuildPhase section */
		6B456929D3F099D2A832A6DE /* [CP] Copy Pods Resources */ = {
			isa = PBXShellScriptBuildPhase;
			buildActionMask = 2147483647;
			files = (
			);
			inputPaths = (
			);
			name = "[CP] Copy Pods Resources";
			outputPaths = (
			);
			runOnlyForDeploymentPostprocessing = 0;
			shellPath = /bin/sh;
			shellScript = "\"${SRCROOT}/Pods/Target Support Files/Pods-QP_DouYu/Pods-QP_DouYu-resources.sh\"\n";
			showEnvVarsInLog = 0;
		};
		8C1B548CABCAB06688555C79 /* [CP] Embed Pods Frameworks */ = {
			isa = PBXShellScriptBuildPhase;
			buildActionMask = 2147483647;
			files = (
			);
			inputPaths = (
			);
			name = "[CP] Embed Pods Frameworks";
			outputPaths = (
			);
			runOnlyForDeploymentPostprocessing = 0;
			shellPath = /bin/sh;
			shellScript = "\"${SRCROOT}/Pods/Target Support Files/Pods-QP_DouYu/Pods-QP_DouYu-frameworks.sh\"\n";
			showEnvVarsInLog = 0;
		};
		FC559F5AAD3573462DC26F3B /* [CP] Check Pods Manifest.lock */ = {
			isa = PBXShellScriptBuildPhase;
			buildActionMask = 2147483647;
			files = (
			);
			inputPaths = (
			);
			name = "[CP] Check Pods Manifest.lock";
			outputPaths = (
			);
			runOnlyForDeploymentPostprocessing = 0;
			shellPath = /bin/sh;
			shellScript = "diff \"${PODS_ROOT}/../Podfile.lock\" \"${PODS_ROOT}/Manifest.lock\" > /dev/null\nif [ $? != 0 ] ; then\n    # print error to STDERR\n    echo \"error: The sandbox is not in sync with the Podfile.lock. Run 'pod install' or update your CocoaPods installation.\" >&2\n    exit 1\nfi\n";
			showEnvVarsInLog = 0;
		};
/* End PBXShellScriptBuildPhase section */

/* Begin PBXSourcesBuildPhase section */
		28A363D11E49813400058475 /* Sources */ = {
			isa = PBXSourcesBuildPhase;
			buildActionMask = 2147483647;
			files = (
				28A363D91E49813400058475 /* AppDelegate.swift in Sources */,
				289B3ABF1E4B76F600C0DC12 /* CollectionHeaderView.swift in Sources */,
				289B3AA41E49D90200C0DC12 /* UIColor-Extension.swift in Sources */,
				289B3ABC1E4AE59200C0DC12 /* RecommendViewController.swift in Sources */,
				289B3A9C1E49B5BB00C0DC12 /* UIBarButtomItem-Extension.swift in Sources */,
				289B3AC31E4CCA5800C0DC12 /* CollectionViewNormalCell.swift in Sources */,
				289B3A9E1E49C02900C0DC12 /* PageTitleView.swift in Sources */,
				289B3AA21E49D38D00C0DC12 /* PageContentView.swift in Sources */,
				289B3AC71E4F686F00C0DC12 /* CollectionViewPrettyCell.swift in Sources */,
				28A364061E49A89600058475 /* MainViewController.swift in Sources */,
				289B3AA01E49C3DA00C0DC12 /* Common.swift in Sources */,
				28982E8A1E5440CE003B0E6A /* NetworkTools.swift in Sources */,
				28A364081E49A8FD00058475 /* HomeViewController.swift in Sources */,
			);
			runOnlyForDeploymentPostprocessing = 0;
		};
/* End PBXSourcesBuildPhase section */

/* Begin PBXVariantGroup section */
		28A363DC1E49813400058475 /* Main.storyboard */ = {
			isa = PBXVariantGroup;
			children = (
				28A363DD1E49813400058475 /* Base */,
			);
			name = Main.storyboard;
			path = ../../..;
			sourceTree = "<group>";
		};
		28A363E11E49813400058475 /* LaunchScreen.storyboard */ = {
			isa = PBXVariantGroup;
			children = (
				28A363E21E49813400058475 /* Base */,
			);
			name = LaunchScreen.storyboard;
			sourceTree = "<group>";
		};
		28A363F11E49A04200058475 /* Home.storyboard */ = {
			isa = PBXVariantGroup;
			children = (
				28A363F21E49A04200058475 /* Base */,
			);
			name = Home.storyboard;
			path = ../../Main;
			sourceTree = "<group>";
		};
		28A363F41E49A07A00058475 /* Live.storyboard */ = {
			isa = PBXVariantGroup;
			children = (
				28A363F51E49A07A00058475 /* Base */,
			);
			name = Live.storyboard;
			path = ../Main;
			sourceTree = "<group>";
		};
		28A363F71E49A0B100058475 /* Follow.storyboard */ = {
			isa = PBXVariantGroup;
			children = (
				28A363F81E49A0B100058475 /* Base */,
			);
			name = Follow.storyboard;
			path = ../Main;
			sourceTree = "<group>";
		};
		28A363FA1E49A0D500058475 /* Profile.storyboard */ = {
			isa = PBXVariantGroup;
			children = (
				28A363FB1E49A0D500058475 /* Base */,
			);
			name = Profile.storyboard;
			path = ../Main;
			sourceTree = "<group>";
		};
/* End PBXVariantGroup section */

/* Begin XCBuildConfiguration section */
		28A363E51E49813400058475 /* Debug */ = {
			isa = XCBuildConfiguration;
			buildSettings = {
				ALWAYS_SEARCH_USER_PATHS = NO;
				CLANG_ANALYZER_NONNULL = YES;
				CLANG_CXX_LANGUAGE_STANDARD = "gnu++0x";
				CLANG_CXX_LIBRARY = "libc++";
				CLANG_ENABLE_MODULES = YES;
				CLANG_ENABLE_OBJC_ARC = YES;
				CLANG_WARN_BOOL_CONVERSION = YES;
				CLANG_WARN_CONSTANT_CONVERSION = YES;
				CLANG_WARN_DIRECT_OBJC_ISA_USAGE = YES_ERROR;
				CLANG_WARN_DOCUMENTATION_COMMENTS = YES;
				CLANG_WARN_EMPTY_BODY = YES;
				CLANG_WARN_ENUM_CONVERSION = YES;
				CLANG_WARN_INFINITE_RECURSION = YES;
				CLANG_WARN_INT_CONVERSION = YES;
				CLANG_WARN_OBJC_ROOT_CLASS = YES_ERROR;
				CLANG_WARN_SUSPICIOUS_MOVE = YES;
				CLANG_WARN_SUSPICIOUS_MOVES = YES;
				CLANG_WARN_UNREACHABLE_CODE = YES;
				CLANG_WARN__DUPLICATE_METHOD_MATCH = YES;
				"CODE_SIGN_IDENTITY[sdk=iphoneos*]" = "iPhone Developer";
				COPY_PHASE_STRIP = NO;
				DEBUG_INFORMATION_FORMAT = dwarf;
				ENABLE_STRICT_OBJC_MSGSEND = YES;
				ENABLE_TESTABILITY = YES;
				GCC_C_LANGUAGE_STANDARD = gnu99;
				GCC_DYNAMIC_NO_PIC = NO;
				GCC_NO_COMMON_BLOCKS = YES;
				GCC_OPTIMIZATION_LEVEL = 0;
				GCC_PREPROCESSOR_DEFINITIONS = (
					"DEBUG=1",
					"$(inherited)",
				);
				GCC_WARN_64_TO_32_BIT_CONVERSION = YES;
				GCC_WARN_ABOUT_RETURN_TYPE = YES_ERROR;
				GCC_WARN_UNDECLARED_SELECTOR = YES;
				GCC_WARN_UNINITIALIZED_AUTOS = YES_AGGRESSIVE;
				GCC_WARN_UNUSED_FUNCTION = YES;
				GCC_WARN_UNUSED_VARIABLE = YES;
				IPHONEOS_DEPLOYMENT_TARGET = 10.1;
				MTL_ENABLE_DEBUG_INFO = YES;
				ONLY_ACTIVE_ARCH = YES;
				SDKROOT = iphoneos;
				SWIFT_ACTIVE_COMPILATION_CONDITIONS = DEBUG;
				SWIFT_OPTIMIZATION_LEVEL = "-Onone";
			};
			name = Debug;
		};
		28A363E61E49813400058475 /* Release */ = {
			isa = XCBuildConfiguration;
			buildSettings = {
				ALWAYS_SEARCH_USER_PATHS = NO;
				CLANG_ANALYZER_NONNULL = YES;
				CLANG_CXX_LANGUAGE_STANDARD = "gnu++0x";
				CLANG_CXX_LIBRARY = "libc++";
				CLANG_ENABLE_MODULES = YES;
				CLANG_ENABLE_OBJC_ARC = YES;
				CLANG_WARN_BOOL_CONVERSION = YES;
				CLANG_WARN_CONSTANT_CONVERSION = YES;
				CLANG_WARN_DIRECT_OBJC_ISA_USAGE = YES_ERROR;
				CLANG_WARN_DOCUMENTATION_COMMENTS = YES;
				CLANG_WARN_EMPTY_BODY = YES;
				CLANG_WARN_ENUM_CONVERSION = YES;
				CLANG_WARN_INFINITE_RECURSION = YES;
				CLANG_WARN_INT_CONVERSION = YES;
				CLANG_WARN_OBJC_ROOT_CLASS = YES_ERROR;
				CLANG_WARN_SUSPICIOUS_MOVE = YES;
				CLANG_WARN_SUSPICIOUS_MOVES = YES;
				CLANG_WARN_UNREACHABLE_CODE = YES;
				CLANG_WARN__DUPLICATE_METHOD_MATCH = YES;
				"CODE_SIGN_IDENTITY[sdk=iphoneos*]" = "iPhone Developer";
				COPY_PHASE_STRIP = NO;
				DEBUG_INFORMATION_FORMAT = "dwarf-with-dsym";
				ENABLE_NS_ASSERTIONS = NO;
				ENABLE_STRICT_OBJC_MSGSEND = YES;
				GCC_C_LANGUAGE_STANDARD = gnu99;
				GCC_NO_COMMON_BLOCKS = YES;
				GCC_WARN_64_TO_32_BIT_CONVERSION = YES;
				GCC_WARN_ABOUT_RETURN_TYPE = YES_ERROR;
				GCC_WARN_UNDECLARED_SELECTOR = YES;
				GCC_WARN_UNINITIALIZED_AUTOS = YES_AGGRESSIVE;
				GCC_WARN_UNUSED_FUNCTION = YES;
				GCC_WARN_UNUSED_VARIABLE = YES;
				IPHONEOS_DEPLOYMENT_TARGET = 10.1;
				MTL_ENABLE_DEBUG_INFO = NO;
				SDKROOT = iphoneos;
				SWIFT_OPTIMIZATION_LEVEL = "-Owholemodule";
				VALIDATE_PRODUCT = YES;
			};
			name = Release;
		};
		28A363E81E49813400058475 /* Debug */ = {
			isa = XCBuildConfiguration;
			baseConfigurationReference = 7DB5F7DF059E01AFA127A0A0 /* Pods-QP_DouYu.debug.xcconfig */;
			buildSettings = {
				ASSETCATALOG_COMPILER_APPICON_NAME = AppIcon;
				ASSETCATALOG_COMPILER_LAUNCHIMAGE_NAME = LaunchImage;
				DEVELOPMENT_TEAM = 8E5A83P9AJ;
				INFOPLIST_FILE = QP_DouYu/Info.plist;
				IPHONEOS_DEPLOYMENT_TARGET = 8.0;
				LD_RUNPATH_SEARCH_PATHS = "$(inherited) @executable_path/Frameworks";
				PRODUCT_BUNDLE_IDENTIFIER = "JackieQu.QP-DouYu";
				PRODUCT_NAME = "$(TARGET_NAME)";
				SWIFT_VERSION = 3.0;
			};
			name = Debug;
		};
		28A363E91E49813400058475 /* Release */ = {
			isa = XCBuildConfiguration;
			baseConfigurationReference = B5E5C4A196AD6C72F6F02861 /* Pods-QP_DouYu.release.xcconfig */;
			buildSettings = {
				ASSETCATALOG_COMPILER_APPICON_NAME = AppIcon;
				ASSETCATALOG_COMPILER_LAUNCHIMAGE_NAME = LaunchImage;
				DEVELOPMENT_TEAM = 8E5A83P9AJ;
				INFOPLIST_FILE = QP_DouYu/Info.plist;
				IPHONEOS_DEPLOYMENT_TARGET = 8.0;
				LD_RUNPATH_SEARCH_PATHS = "$(inherited) @executable_path/Frameworks";
				PRODUCT_BUNDLE_IDENTIFIER = "JackieQu.QP-DouYu";
				PRODUCT_NAME = "$(TARGET_NAME)";
				SWIFT_VERSION = 3.0;
			};
			name = Release;
		};
/* End XCBuildConfiguration section */

/* Begin XCConfigurationList section */
		28A363D01E49813400058475 /* Build configuration list for PBXProject "QP_DouYu" */ = {
			isa = XCConfigurationList;
			buildConfigurations = (
				28A363E51E49813400058475 /* Debug */,
				28A363E61E49813400058475 /* Release */,
			);
			defaultConfigurationIsVisible = 0;
			defaultConfigurationName = Release;
		};
		28A363E71E49813400058475 /* Build configuration list for PBXNativeTarget "QP_DouYu" */ = {
			isa = XCConfigurationList;
			buildConfigurations = (
				28A363E81E49813400058475 /* Debug */,
				28A363E91E49813400058475 /* Release */,
			);
			defaultConfigurationIsVisible = 0;
			defaultConfigurationName = Release;
		};
/* End XCConfigurationList section */
	};
	rootObject = 28A363CD1E49813400058475 /* Project object */;
}
